{
  "nodes": {
    "home-manager": {
      "inputs": {
        "nixpkgs": [
          "nixpkgs"
        ]
      },
      "locked": {
        "lastModified": 1755625756,
        "narHash": "sha256-t57ayMEdV9g1aCfHzoQjHj1Fh3LDeyblceADm2hsLHM=",
        "owner": "nix-community",
        "repo": "home-manager",
        "rev": "dd026d86420781e84d0732f2fa28e1c051117b59",
        "type": "github"
      },
      "original": {
        "owner": "nix-community",
        "repo": "home-manager",
        "type": "github"
      }
    },
    "nixpkgs": {
      "locked": {
        "lastModified": 1755615617,
        "narHash": "sha256-HMwfAJBdrr8wXAkbGhtcby1zGFvs+StOp19xNsbqdOg=",
        "owner": "nixos",
        "repo": "nixpkgs",
        "rev": "20075955deac2583bb12f07151c2df830ef346b4",
        "type": "github"
      },
      "original": {
        "owner": "nixos",
        "ref": "nixos-unstable",
        "repo": "nixpkgs",
        "type": "github"
      }
    },
    "root": {
      "inputs": {
        "home-manager": "home-manager",
        "nixpkgs": "nixpkgs",
        "scripts": "scripts"
      }
    },
    "scripts": {
      "inputs": {
        "nixpkgs": [
          "nixpkgs"
        ]
      },
      "locked": {
        "lastModified": 1762115530,
        "narHash": "sha256-lCJF5YZZ24uWr/UM28zgwodhbrairM77ep37XV3cTjs=",
        "owner": "hyperpastel",
        "repo": "scripts",
        "rev": "e6ef0432b4105e9a03476722b2a931a8cf94d83c",
        "type": "github"
      },
      "original": {
        "owner": "hyperpastel",
        "repo": "scripts",
        "type": "github"
      }
    }
  },
  "root": "root",
  "version": 7
}
